{
    "_readme": [
        "This file locks the dependencies of your project to a known state",
        "Read more about it at https://getcomposer.org/doc/01-basic-usage.md#installing-dependencies",
        "This file is @generated automatically"
    ],
    "content-hash": "53fb0fdcfa87ec3571f9fa9a1051b9c3",
    "packages": [
        {
            "name": "psr/cache",
            "version": "3.0.0",
            "source": {
                "type": "git",
                "url": "https://github.com/php-fig/cache.git",
                "reference": "aa5030cfa5405eccfdcb1083ce040c2cb8d253bf"
            },
            "dist": {
                "type": "zip",
                "url": "https://api.github.com/repos/php-fig/cache/zipball/aa5030cfa5405eccfdcb1083ce040c2cb8d253bf",
                "reference": "aa5030cfa5405eccfdcb1083ce040c2cb8d253bf",
                "shasum": ""
            },
            "require": {
                "php": ">=8.0.0"
            },
            "type": "library",
            "extra": {
                "branch-alias": {
                    "dev-master": "1.0.x-dev"
                }
            },
            "autoload": {
                "psr-4": {
                    "Psr\\Cache\\": "src/"
                }
            },
            "notification-url": "https://packagist.org/downloads/",
            "license": [
                "MIT"
            ],
            "authors": [
                {
                    "name": "PHP-FIG",
                    "homepage": "https://www.php-fig.org/"
                }
            ],
            "description": "Common interface for caching libraries",
            "keywords": [
                "cache",
                "psr",
                "psr-6"
            ],
            "support": {
                "source": "https://github.com/php-fig/cache/tree/3.0.0"
            },
            "time": "2021-02-03T23:26:27+00:00"
        },
        {
            "name": "volkswaigen/volkswaigen",
            "version": "0.1.1",
            "source": {
                "type": "git",
                "url": "https://github.com/VolkswAIgen/VolkswAIgen.git",
                "reference": "86d3fbc85e4ba25ee9988528f091b5ac12764aad"
            },
            "dist": {
                "type": "zip",
                "url": "https://api.github.com/repos/VolkswAIgen/VolkswAIgen/zipball/86d3fbc85e4ba25ee9988528f091b5ac12764aad",
                "reference": "86d3fbc85e4ba25ee9988528f091b5ac12764aad",
                "shasum": ""
            },
            "require": {
                "php": "^8.2",
                "psr/cache": "^3.0"
            },
            "type": "library",
            "autoload": {
                "psr-4": {
                    "VolkswAIgen\\VolkswAIgen\\": "src/"
                }
            },
            "notification-url": "https://packagist.org/downloads/",
            "license": [
                "GPL-3.0-or-later"
            ],
            "description": "Feed AI bots with random data instead of your actual site data",
            "keywords": [
                "ai",
                "bot",
                "copyright",
                "privacy"
            ],
            "support": {
                "issues": "https://github.com/VolkswAIgen/VolkswAIgen/issues",
                "source": "https://github.com/VolkswAIgen/VolkswAIgen/tree/0.1.1"
            },
            "time": "2024-06-25T20:31:06+00:00"
        }
    ],
    "packages-dev": [],
    "aliases": [],
    "minimum-stability": "stable",
    "stability-flags": [],
    "prefer-stable": false,
    "prefer-lowest": false,
    "platform": [],
    "platform-dev": [],
    "plugin-api-version": "2.6.0"
}
